
Microsoft Visual Studio Solution File, Format Version 12.00
# Visual Studio Version 16
VisualStudioVersion = 16.0.32228.343
MinimumVisualStudioVersion = 10.0.40219.1
Project("{9A19103F-16F7-4668-BE54-9A1E7A4F7556}") = "ZelosFrontend.Server", "UI\ZelosFrontend\Server\ZelosFrontend.Server.csproj", "{C357B458-8E21-42A9-8359-AA9E42C951D8}"
EndProject
Project("{9A19103F-16F7-4668-BE54-9A1E7A4F7556}") = "ZelosFrontend.Client", "UI\ZelosFrontend\Client\ZelosFrontend.Client.csproj", "{5C1663AC-FA03-4953-BFA3-BC9CBADAC83B}"
EndProject
Project("{9A19103F-16F7-4668-BE54-9A1E7A4F7556}") = "Persisting", "Backend\ZelosFramework\Persisting\Persisting.csproj", "{B0F03552-F66D-4520-897F-CB0F578EB8D3}"
EndProject
Project("{9A19103F-16F7-4668-BE54-9A1E7A4F7556}") = "ZelosFramework", "Backend\ZelosFramework\ZelosFramework\ZelosFramework.csproj", "{BB2F6CC1-1C22-4298-A220-1A648A749F7B}"
EndProject
Project("{9A19103F-16F7-4668-BE54-9A1E7A4F7556}") = "ZelosTest", "Backend\ZelosFramework\ZelosTest\ZelosTest.csproj", "{0C809795-C770-4598-8AB7-6687EFF96B04}"
EndProject
Global
	GlobalSection(SolutionConfigurationPlatforms) = preSolution
		Debug|Any CPU = Debug|Any CPU
		Release|Any CPU = Release|Any CPU
	EndGlobalSection
	GlobalSection(ProjectConfigurationPlatforms) = postSolution
		{C357B458-8E21-42A9-8359-AA9E42C951D8}.Debug|Any CPU.ActiveCfg = Debug|Any CPU
		{C357B458-8E21-42A9-8359-AA9E42C951D8}.Debug|Any CPU.Build.0 = Debug|Any CPU
		{C357B458-8E21-42A9-8359-AA9E42C951D8}.Release|Any CPU.ActiveCfg = Release|Any CPU
		{C357B458-8E21-42A9-8359-AA9E42C951D8}.Release|Any CPU.Build.0 = Release|Any CPU
		{5C1663AC-FA03-4953-BFA3-BC9CBADAC83B}.Debug|Any CPU.ActiveCfg = Debug|Any CPU
		{5C1663AC-FA03-4953-BFA3-BC9CBADAC83B}.Debug|Any CPU.Build.0 = Debug|Any CPU
		{5C1663AC-FA03-4953-BFA3-BC9CBADAC83B}.Release|Any CPU.ActiveCfg = Release|Any CPU
		{5C1663AC-FA03-4953-BFA3-BC9CBADAC83B}.Release|Any CPU.Build.0 = Release|Any CPU
		{B0F03552-F66D-4520-897F-CB0F578EB8D3}.Debug|Any CPU.ActiveCfg = Debug|Any CPU
		{B0F03552-F66D-4520-897F-CB0F578EB8D3}.Debug|Any CPU.Build.0 = Debug|Any CPU
		{B0F03552-F66D-4520-897F-CB0F578EB8D3}.Release|Any CPU.ActiveCfg = Release|Any CPU
		{B0F03552-F66D-4520-897F-CB0F578EB8D3}.Release|Any CPU.Build.0 = Release|Any CPU
		{BB2F6CC1-1C22-4298-A220-1A648A749F7B}.Debug|Any CPU.ActiveCfg = Debug|Any CPU
		{BB2F6CC1-1C22-4298-A220-1A648A749F7B}.Debug|Any CPU.Build.0 = Debug|Any CPU
		{BB2F6CC1-1C22-4298-A220-1A648A749F7B}.Release|Any CPU.ActiveCfg = Release|Any CPU
		{BB2F6CC1-1C22-4298-A220-1A648A749F7B}.Release|Any CPU.Build.0 = Release|Any CPU
		{0C809795-C770-4598-8AB7-6687EFF96B04}.Debug|Any CPU.ActiveCfg = Debug|Any CPU
		{0C809795-C770-4598-8AB7-6687EFF96B04}.Debug|Any CPU.Build.0 = Debug|Any CPU
		{0C809795-C770-4598-8AB7-6687EFF96B04}.Release|Any CPU.ActiveCfg = Release|Any CPU
		{0C809795-C770-4598-8AB7-6687EFF96B04}.Release|Any CPU.Build.0 = Release|Any CPU
	EndGlobalSection
	GlobalSection(SolutionProperties) = preSolution
		HideSolutionNode = FALSE
	EndGlobalSection
	GlobalSection(ExtensibilityGlobals) = postSolution
		SolutionGuid = {F519001A-6BA2-4366-A256-2467C210CA36}
	EndGlobalSection
EndGlobal
